// !$*UTF8*$!
{
	archiveVersion = 1;
	classes = {
	};
	objectVersion = 46;
	objects = {

/* Begin PBXBuildFile section */
		D8BEA4B1197EBF510040B793 /* Foundation.framework in Frameworks */ = {isa = PBXBuildFile; fileRef = D8BEA4B0197EBF510040B793 /* Foundation.framework */; };
		D8BEA4B3197EBF510040B793 /* CoreGraphics.framework in Frameworks */ = {isa = PBXBuildFile; fileRef = D8BEA4B2197EBF510040B793 /* CoreGraphics.framework */; };
		D8BEA4B5197EBF510040B793 /* UIKit.framework in Frameworks */ = {isa = PBXBuildFile; fileRef = D8BEA4B4197EBF510040B793 /* UIKit.framework */; };
		D8BEA4BB197EBF510040B793 /* InfoPlist.strings in Resources */ = {isa = PBXBuildFile; fileRef = D8BEA4B9197EBF510040B793 /* InfoPlist.strings */; };
		D8BEA4BD197EBF510040B793 /* main.m in Sources */ = {isa = PBXBuildFile; fileRef = D8BEA4BC197EBF510040B793 /* main.m */; };
		D8BEA4C1197EBF510040B793 /* AppDelegate.m in Sources */ = {isa = PBXBuildFile; fileRef = D8BEA4C0197EBF510040B793 /* AppDelegate.m */; };
		D8BEA4C3197EBF510040B793 /* Images.xcassets in Resources */ = {isa = PBXBuildFile; fileRef = D8BEA4C2197EBF510040B793 /* Images.xcassets */; };
		D8BEA4CA197EBF510040B793 /* XCTest.framework in Frameworks */ = {isa = PBXBuildFile; fileRef = D8BEA4C9197EBF510040B793 /* XCTest.framework */; };
		D8BEA4CB197EBF510040B793 /* Foundation.framework in Frameworks */ = {isa = PBXBuildFile; fileRef = D8BEA4B0197EBF510040B793 /* Foundation.framework */; };
		D8BEA4CC197EBF510040B793 /* UIKit.framework in Frameworks */ = {isa = PBXBuildFile; fileRef = D8BEA4B4197EBF510040B793 /* UIKit.framework */; };
		D8BEA4D4197EBF510040B793 /* InfoPlist.strings in Resources */ = {isa = PBXBuildFile; fileRef = D8BEA4D2197EBF510040B793 /* InfoPlist.strings */; };
		D8BEA4D6197EBF510040B793 /* prototypeTests.m in Sources */ = {isa = PBXBuildFile; fileRef = D8BEA4D5197EBF510040B793 /* prototypeTests.m */; };
		D8BEA4E1197EBF710040B793 /* MainViewController.m in Sources */ = {isa = PBXBuildFile; fileRef = D8BEA4E0197EBF710040B793 /* MainViewController.m */; };
		D8E20AB3197EC48200C30A99 /* testVideo.mp4 in Resources */ = {isa = PBXBuildFile; fileRef = D8E20AB2197EC37500C30A99 /* testVideo.mp4 */; };
		D8BEA4E4197EC16B0040B793 /* VideoFileView.m in Sources */ = {isa = PBXBuildFile; fileRef = D8BEA4E3197EC16B0040B793 /* VideoFileView.m */; };
/* End PBXBuildFile section */

/* Begin PBXContainerItemProxy section */
		D8BEA4CD197EBF510040B793 /* PBXContainerItemProxy */ = {
			isa = PBXContainerItemProxy;
			containerPortal = D8BEA4A5197EBF510040B793 /* Project object */;
			proxyType = 1;
			remoteGlobalIDString = D8BEA4AC197EBF510040B793;
			remoteInfo = prototype;
		};
/* End PBXContainerItemProxy section */

/* Begin PBXFileReference section */
		D8BEA4AD197EBF510040B793 /* prototype.app */ = {isa = PBXFileReference; explicitFileType = wrapper.application; includeInIndex = 0; path = prototype.app; sourceTree = BUILT_PRODUCTS_DIR; };
		D8BEA4B0197EBF510040B793 /* Foundation.framework */ = {isa = PBXFileReference; lastKnownFileType = wrapper.framework; name = Foundation.framework; path = System/Library/Frameworks/Foundation.framework; sourceTree = SDKROOT; };
		D8BEA4B2197EBF510040B793 /* CoreGraphics.framework */ = {isa = PBXFileReference; lastKnownFileType = wrapper.framework; name = CoreGraphics.framework; path = System/Library/Frameworks/CoreGraphics.framework; sourceTree = SDKROOT; };
		D8BEA4B4197EBF510040B793 /* UIKit.framework */ = {isa = PBXFileReference; lastKnownFileType = wrapper.framework; name = UIKit.framework; path = System/Library/Frameworks/UIKit.framework; sourceTree = SDKROOT; };
		D8BEA4B8197EBF510040B793 /* prototype-Info.plist */ = {isa = PBXFileReference; lastKnownFileType = text.plist.xml; path = "prototype-Info.plist"; sourceTree = "<group>"; };
		D8BEA4BA197EBF510040B793 /* en */ = {isa = PBXFileReference; lastKnownFileType = text.plist.strings; name = en; path = en.lproj/InfoPlist.strings; sourceTree = "<group>"; };
		D8BEA4BC197EBF510040B793 /* main.m */ = {isa = PBXFileReference; lastKnownFileType = sourcecode.c.objc; path = main.m; sourceTree = "<group>"; };
		D8BEA4BE197EBF510040B793 /* prototype-Prefix.pch */ = {isa = PBXFileReference; lastKnownFileType = sourcecode.c.h; path = "prototype-Prefix.pch"; sourceTree = "<group>"; };
		D8BEA4BF197EBF510040B793 /* AppDelegate.h */ = {isa = PBXFileReference; lastKnownFileType = sourcecode.c.h; path = AppDelegate.h; sourceTree = "<group>"; };
		D8BEA4C0197EBF510040B793 /* AppDelegate.m */ = {isa = PBXFileReference; lastKnownFileType = sourcecode.c.objc; path = AppDelegate.m; sourceTree = "<group>"; };
		D8BEA4C2197EBF510040B793 /* Images.xcassets */ = {isa = PBXFileReference; lastKnownFileType = folder.assetcatalog; path = Images.xcassets; sourceTree = "<group>"; };
		D8BEA4C8197EBF510040B793 /* prototypeTests.xctest */ = {isa = PBXFileReference; explicitFileType = wrapper.cfbundle; includeInIndex = 0; path = prototypeTests.xctest; sourceTree = BUILT_PRODUCTS_DIR; };
		D8BEA4C9197EBF510040B793 /* XCTest.framework */ = {isa = PBXFileReference; lastKnownFileType = wrapper.framework; name = XCTest.framework; path = Library/Frameworks/XCTest.framework; sourceTree = DEVELOPER_DIR; };
		D8BEA4D1197EBF510040B793 /* prototypeTests-Info.plist */ = {isa = PBXFileReference; lastKnownFileType = text.plist.xml; path = "prototypeTests-Info.plist"; sourceTree = "<group>"; };
		D8BEA4D3197EBF510040B793 /* en */ = {isa = PBXFileReference; lastKnownFileType = text.plist.strings; name = en; path = en.lproj/InfoPlist.strings; sourceTree = "<group>"; };
		D8BEA4D5197EBF510040B793 /* prototypeTests.m */ = {isa = PBXFileReference; lastKnownFileType = sourcecode.c.objc; path = prototypeTests.m; sourceTree = "<group>"; };
		D8BEA4DF197EBF710040B793 /* MainViewController.h */ = {isa = PBXFileReference; fileEncoding = 4; lastKnownFileType = sourcecode.c.h; path = MainViewController.h; sourceTree = "<group>"; };
		D8BEA4E0197EBF710040B793 /* MainViewController.m */ = {isa = PBXFileReference; fileEncoding = 4; lastKnownFileType = sourcecode.c.objc; path = MainViewController.m; sourceTree = "<group>"; };
		D8E20AB2197EC37500C30A99 /* testVideo.mp4 */ = {isa = PBXFileReference; lastKnownFileType = file; path = testVideo.mp4; sourceTree = "<group>"; };
		D8BEA4E2197EC16B0040B793 /* VideoFileView.h */ = {isa = PBXFileReference; fileEncoding = 4; lastKnownFileType = sourcecode.c.h; path = VideoFileView.h; sourceTree = "<group>"; };
		D8BEA4E3197EC16B0040B793 /* VideoFileView.m */ = {isa = PBXFileReference; fileEncoding = 4; lastKnownFileType = sourcecode.c.objc; path = VideoFileView.m; sourceTree = "<group>"; };
/* End PBXFileReference section */

/* Begin PBXFrameworksBuildPhase section */
		D8BEA4AA197EBF510040B793 /* Frameworks */ = {
			isa = PBXFrameworksBuildPhase;
			buildActionMask = 2147483647;
			files = (
				D8BEA4B3197EBF510040B793 /* CoreGraphics.framework in Frameworks */,
				D8BEA4B5197EBF510040B793 /* UIKit.framework in Frameworks */,
				D8BEA4B1197EBF510040B793 /* Foundation.framework in Frameworks */,
			);
			runOnlyForDeploymentPostprocessing = 0;
		};
		D8BEA4C5197EBF510040B793 /* Frameworks */ = {
			isa = PBXFrameworksBuildPhase;
			buildActionMask = 2147483647;
			files = (
				D8BEA4CA197EBF510040B793 /* XCTest.framework in Frameworks */,
				D8BEA4CC197EBF510040B793 /* UIKit.framework in Frameworks */,
				D8BEA4CB197EBF510040B793 /* Foundation.framework in Frameworks */,
			);
			runOnlyForDeploymentPostprocessing = 0;
		};
/* End PBXFrameworksBuildPhase section */

/* Begin PBXGroup section */
		D8BEA4A4197EBF510040B793 = {
			isa = PBXGroup;
			children = (
				D8BEA4B6197EBF510040B793 /* prototype */,
				D8BEA4CF197EBF510040B793 /* prototypeTests */,
				D8BEA4AF197EBF510040B793 /* Frameworks */,
				D8BEA4AE197EBF510040B793 /* Products */,
			);
			sourceTree = "<group>";
		};
		D8BEA4AE197EBF510040B793 /* Products */ = {
			isa = PBXGroup;
			children = (
				D8BEA4AD197EBF510040B793 /* prototype.app */,
				D8BEA4C8197EBF510040B793 /* prototypeTests.xctest */,
			);
			name = Products;
			sourceTree = "<group>";
		};
		D8BEA4AF197EBF510040B793 /* Frameworks */ = {
			isa = PBXGroup;
			children = (
				D8BEA4B0197EBF510040B793 /* Foundation.framework */,
				D8BEA4B2197EBF510040B793 /* CoreGraphics.framework */,
				D8BEA4B4197EBF510040B793 /* UIKit.framework */,
				D8BEA4C9197EBF510040B793 /* XCTest.framework */,
			);
			name = Frameworks;
			sourceTree = "<group>";
		};
		D8BEA4B6197EBF510040B793 /* prototype */ = {
			isa = PBXGroup;
			children = (
				D8E20AB2197EC37500C30A99 /* testVideo.mp4 */,
				D8BEA4BF197EBF510040B793 /* AppDelegate.h */,
				D8BEA4C0197EBF510040B793 /* AppDelegate.m */,
				D8BEA4C2197EBF510040B793 /* Images.xcassets */,
				D8BEA4B7197EBF510040B793 /* Supporting Files */,
				D8BEA4DF197EBF710040B793 /* MainViewController.h */,
				D8BEA4E0197EBF710040B793 /* MainViewController.m */,
				D8BEA4E2197EC16B0040B793 /* VideoFileView.h */,
				D8BEA4E3197EC16B0040B793 /* VideoFileView.m */,
			);
			path = prototype;
			sourceTree = "<group>";
		};
		D8BEA4B7197EBF510040B793 /* Supporting Files */ = {
			isa = PBXGroup;
			children = (
				D8BEA4B8197EBF510040B793 /* prototype-Info.plist */,
				D8BEA4B9197EBF510040B793 /* InfoPlist.strings */,
				D8BEA4BC197EBF510040B793 /* main.m */,
				D8BEA4BE197EBF510040B793 /* prototype-Prefix.pch */,
			);
			name = "Supporting Files";
			sourceTree = "<group>";
		};
		D8BEA4CF197EBF510040B793 /* prototypeTests */ = {
			isa = PBXGroup;
			children = (
				D8BEA4D5197EBF510040B793 /* prototypeTests.m */,
				D8BEA4D0197EBF510040B793 /* Supporting Files */,
			);
			path = prototypeTests;
			sourceTree = "<group>";
		};
		D8BEA4D0197EBF510040B793 /* Supporting Files */ = {
			isa = PBXGroup;
			children = (
				D8BEA4D1197EBF510040B793 /* prototypeTests-Info.plist */,
				D8BEA4D2197EBF510040B793 /* InfoPlist.strings */,
			);
			name = "Supporting Files";
			sourceTree = "<group>";
		};
/* End PBXGroup section */

/* Begin PBXNativeTarget section */
		D8BEA4AC197EBF510040B793 /* prototype */ = {
			isa = PBXNativeTarget;
			buildConfigurationList = D8BEA4D9197EBF510040B793 /* Build configuration list for PBXNativeTarget "prototype" */;
			buildPhases = (
				D8BEA4A9197EBF510040B793 /* Sources */,
				D8BEA4AA197EBF510040B793 /* Frameworks */,
				D8BEA4AB197EBF510040B793 /* Resources */,
			);
			buildRules = (
			);
			dependencies = (
			);
			name = prototype;
			productName = prototype;
			productReference = D8BEA4AD197EBF510040B793 /* prototype.app */;
			productType = "com.apple.product-type.application";
		};
		D8BEA4C7197EBF510040B793 /* prototypeTests */ = {
			isa = PBXNativeTarget;
			buildConfigurationList = D8BEA4DC197EBF510040B793 /* Build configuration list for PBXNativeTarget "prototypeTests" */;
			buildPhases = (
				D8BEA4C4197EBF510040B793 /* Sources */,
				D8BEA4C5197EBF510040B793 /* Frameworks */,
				D8BEA4C6197EBF510040B793 /* Resources */,
			);
			buildRules = (
			);
			dependencies = (
				D8BEA4CE197EBF510040B793 /* PBXTargetDependency */,
			);
			name = prototypeTests;
			productName = prototypeTests;
			productReference = D8BEA4C8197EBF510040B793 /* prototypeTests.xctest */;
			productType = "com.apple.product-type.bundle.unit-test";
		};
/* End PBXNativeTarget section */

/* Begin PBXProject section */
		D8BEA4A5197EBF510040B793 /* Project object */ = {
			isa = PBXProject;
			attributes = {
				LastUpgradeCheck = 0510;
				ORGANIZATIONNAME = "Maxim Rabiciuc";
				TargetAttributes = {
					D8BEA4C7197EBF510040B793 = {
						TestTargetID = D8BEA4AC197EBF510040B793;
					};
				};
			};
			buildConfigurationList = D8BEA4A8197EBF510040B793 /* Build configuration list for PBXProject "prototype" */;
			compatibilityVersion = "Xcode 3.2";
			developmentRegion = English;
			hasScannedForEncodings = 0;
			knownRegions = (
				en,
			);
			mainGroup = D8BEA4A4197EBF510040B793;
			productRefGroup = D8BEA4AE197EBF510040B793 /* Products */;
			projectDirPath = "";
			projectRoot = "";
			targets = (
				D8BEA4AC197EBF510040B793 /* prototype */,
				D8BEA4C7197EBF510040B793 /* prototypeTests */,
			);
		};
/* End PBXProject section */

/* Begin PBXResourcesBuildPhase section */
		D8BEA4AB197EBF510040B793 /* Resources */ = {
			isa = PBXResourcesBuildPhase;
			buildActionMask = 2147483647;
			files = (
				D8BEA4BB197EBF510040B793 /* InfoPlist.strings in Resources */,
				D8BEA4C3197EBF510040B793 /* Images.xcassets in Resources */,
				D8E20AB3197EC48200C30A99 /* testVideo.mp4 in Resources */,
			);
			runOnlyForDeploymentPostprocessing = 0;
		};
		D8BEA4C6197EBF510040B793 /* Resources */ = {
			isa = PBXResourcesBuildPhase;
			buildActionMask = 2147483647;
			files = (
				D8BEA4D4197EBF510040B793 /* InfoPlist.strings in Resources */,
			);
			runOnlyForDeploymentPostprocessing = 0;
		};
/* End PBXResourcesBuildPhase section */

/* Begin PBXSourcesBuildPhase section */
		D8BEA4A9197EBF510040B793 /* Sources */ = {
			isa = PBXSourcesBuildPhase;
			buildActionMask = 2147483647;
			files = (
				D8BEA4C1197EBF510040B793 /* AppDelegate.m in Sources */,
				D8BEA4E1197EBF710040B793 /* MainViewController.m in Sources */,
				D8BEA4E4197EC16B0040B793 /* VideoFileView.m in Sources */,
				D8BEA4BD197EBF510040B793 /* main.m in Sources */,
			);
			runOnlyForDeploymentPostprocessing = 0;
		};
		D8BEA4C4197EBF510040B793 /* Sources */ = {
			isa = PBXSourcesBuildPhase;
			buildActionMask = 2147483647;
			files = (
				D8BEA4D6197EBF510040B793 /* prototypeTests.m in Sources */,
			);
			runOnlyForDeploymentPostprocessing = 0;
		};
/* End PBXSourcesBuildPhase section */

/* Begin PBXTargetDependency section */
		D8BEA4CE197EBF510040B793 /* PBXTargetDependency */ = {
			isa = PBXTargetDependency;
			target = D8BEA4AC197EBF510040B793 /* prototype */;
			targetProxy = D8BEA4CD197EBF510040B793 /* PBXContainerItemProxy */;
		};
/* End PBXTargetDependency section */

/* Begin PBXVariantGroup section */
		D8BEA4B9197EBF510040B793 /* InfoPlist.strings */ = {
			isa = PBXVariantGroup;
			children = (
				D8BEA4BA197EBF510040B793 /* en */,
			);
			name = InfoPlist.strings;
			sourceTree = "<group>";
		};
		D8BEA4D2197EBF510040B793 /* InfoPlist.strings */ = {
			isa = PBXVariantGroup;
			children = (
				D8BEA4D3197EBF510040B793 /* en */,
			);
			name = InfoPlist.strings;
			sourceTree = "<group>";
		};
/* End PBXVariantGroup section */

/* Begin XCBuildConfiguration section */
		D8BEA4D7197EBF510040B793 /* Debug */ = {
			isa = XCBuildConfiguration;
			buildSettings = {
				ALWAYS_SEARCH_USER_PATHS = NO;
				CLANG_CXX_LANGUAGE_STANDARD = "gnu++0x";
				CLANG_CXX_LIBRARY = "libc++";
				CLANG_ENABLE_MODULES = YES;
				CLANG_ENABLE_OBJC_ARC = YES;
				CLANG_WARN_BOOL_CONVERSION = YES;
				CLANG_WARN_CONSTANT_CONVERSION = YES;
				CLANG_WARN_DIRECT_OBJC_ISA_USAGE = YES_ERROR;
				CLANG_WARN_EMPTY_BODY = YES;
				CLANG_WARN_ENUM_CONVERSION = YES;
				CLANG_WARN_INT_CONVERSION = YES;
				CLANG_WARN_OBJC_ROOT_CLASS = YES_ERROR;
				CLANG_WARN__DUPLICATE_METHOD_MATCH = YES;
				"CODE_SIGN_IDENTITY[sdk=iphoneos*]" = "iPhone Developer";
				COPY_PHASE_STRIP = NO;
				GCC_C_LANGUAGE_STANDARD = gnu99;
				GCC_DYNAMIC_NO_PIC = NO;
				GCC_OPTIMIZATION_LEVEL = 0;
				GCC_PREPROCESSOR_DEFINITIONS = (
					"DEBUG=1",
					"$(inherited)",
				);
				GCC_SYMBOLS_PRIVATE_EXTERN = NO;
				GCC_WARN_64_TO_32_BIT_CONVERSION = YES;
				GCC_WARN_ABOUT_RETURN_TYPE = YES_ERROR;
				GCC_WARN_UNDECLARED_SELECTOR = YES;
				GCC_WARN_UNINITIALIZED_AUTOS = YES_AGGRESSIVE;
				GCC_WARN_UNUSED_FUNCTION = YES;
				GCC_WARN_UNUSED_VARIABLE = YES;
				IPHONEOS_DEPLOYMENT_TARGET = 7.1;
				ONLY_ACTIVE_ARCH = YES;
				SDKROOT = iphoneos;
				TARGETED_DEVICE_FAMILY = 2;
			};
			name = Debug;
		};
		D8BEA4D8197EBF510040B793 /* Release */ = {
			isa = XCBuildConfiguration;
			buildSettings = {
				ALWAYS_SEARCH_USER_PATHS = NO;
				CLANG_CXX_LANGUAGE_STANDARD = "gnu++0x";
				CLANG_CXX_LIBRARY = "libc++";
				CLANG_ENABLE_MODULES = YES;
				CLANG_ENABLE_OBJC_ARC = YES;
				CLANG_WARN_BOOL_CONVERSION = YES;
				CLANG_WARN_CONSTANT_CONVERSION = YES;
				CLANG_WARN_DIRECT_OBJC_ISA_USAGE = YES_ERROR;
				CLANG_WARN_EMPTY_BODY = YES;
				CLANG_WARN_ENUM_CONVERSION = YES;
				CLANG_WARN_INT_CONVERSION = YES;
				CLANG_WARN_OBJC_ROOT_CLASS = YES_ERROR;
				CLANG_WARN__DUPLICATE_METHOD_MATCH = YES;
				"CODE_SIGN_IDENTITY[sdk=iphoneos*]" = "iPhone Developer";
				COPY_PHASE_STRIP = YES;
				ENABLE_NS_ASSERTIONS = NO;
				GCC_C_LANGUAGE_STANDARD = gnu99;
				GCC_WARN_64_TO_32_BIT_CONVERSION = YES;
				GCC_WARN_ABOUT_RETURN_TYPE = YES_ERROR;
				GCC_WARN_UNDECLARED_SELECTOR = YES;
				GCC_WARN_UNINITIALIZED_AUTOS = YES_AGGRESSIVE;
				GCC_WARN_UNUSED_FUNCTION = YES;
				GCC_WARN_UNUSED_VARIABLE = YES;
				IPHONEOS_DEPLOYMENT_TARGET = 7.1;
				SDKROOT = iphoneos;
				TARGETED_DEVICE_FAMILY = 2;
				VALIDATE_PRODUCT = YES;
			};
			name = Release;
		};
		D8BEA4DA197EBF510040B793 /* Debug */ = {
			isa = XCBuildConfiguration;
			buildSettings = {
				ASSETCATALOG_COMPILER_APPICON_NAME = AppIcon;
				ASSETCATALOG_COMPILER_LAUNCHIMAGE_NAME = LaunchImage;
				GCC_PRECOMPILE_PREFIX_HEADER = YES;
				GCC_PREFIX_HEADER = "prototype/prototype-Prefix.pch";
				INFOPLIST_FILE = "prototype/prototype-Info.plist";
				IPHONEOS_DEPLOYMENT_TARGET = 7.1;
				PRODUCT_NAME = "$(TARGET_NAME)";
				WRAPPER_EXTENSION = app;
			};
			name = Debug;
		};
		D8BEA4DB197EBF510040B793 /* Release */ = {
			isa = XCBuildConfiguration;
			buildSettings = {
				ASSETCATALOG_COMPILER_APPICON_NAME = AppIcon;
				ASSETCATALOG_COMPILER_LAUNCHIMAGE_NAME = LaunchImage;
				GCC_PRECOMPILE_PREFIX_HEADER = YES;
				GCC_PREFIX_HEADER = "prototype/prototype-Prefix.pch";
				INFOPLIST_FILE = "prototype/prototype-Info.plist";
				IPHONEOS_DEPLOYMENT_TARGET = 7.1;
				PRODUCT_NAME = "$(TARGET_NAME)";
				WRAPPER_EXTENSION = app;
			};
			name = Release;
		};
		D8BEA4DD197EBF510040B793 /* Debug */ = {
			isa = XCBuildConfiguration;
			buildSettings = {
				BUNDLE_LOADER = "$(BUILT_PRODUCTS_DIR)/prototype.app/prototype";
				FRAMEWORK_SEARCH_PATHS = (
					"$(SDKROOT)/Developer/Library/Frameworks",
					"$(inherited)",
					"$(DEVELOPER_FRAMEWORKS_DIR)",
				);
				GCC_PRECOMPILE_PREFIX_HEADER = YES;
				GCC_PREFIX_HEADER = "prototype/prototype-Prefix.pch";
				GCC_PREPROCESSOR_DEFINITIONS = (
					"DEBUG=1",
					"$(inherited)",
				);
				INFOPLIST_FILE = "prototypeTests/prototypeTests-Info.plist";
				PRODUCT_NAME = "$(TARGET_NAME)";
				TEST_HOST = "$(BUNDLE_LOADER)";
				WRAPPER_EXTENSION = xctest;
			};
			name = Debug;
		};
		D8BEA4DE197EBF510040B793 /* Release */ = {
			isa = XCBuildConfiguration;
			buildSettings = {
				BUNDLE_LOADER = "$(BUILT_PRODUCTS_DIR)/prototype.app/prototype";
				FRAMEWORK_SEARCH_PATHS = (
					"$(SDKROOT)/Developer/Library/Frameworks",
					"$(inherited)",
					"$(DEVELOPER_FRAMEWORKS_DIR)",
				);
				GCC_PRECOMPILE_PREFIX_HEADER = YES;
				GCC_PREFIX_HEADER = "prototype/prototype-Prefix.pch";
				INFOPLIST_FILE = "prototypeTests/prototypeTests-Info.plist";
				PRODUCT_NAME = "$(TARGET_NAME)";
				TEST_HOST = "$(BUNDLE_LOADER)";
				WRAPPER_EXTENSION = xctest;
			};
			name = Release;
		};
/* End XCBuildConfiguration section */

/* Begin XCConfigurationList section */
		D8BEA4A8197EBF510040B793 /* Build configuration list for PBXProject "prototype" */ = {
			isa = XCConfigurationList;
			buildConfigurations = (
				D8BEA4D7197EBF510040B793 /* Debug */,
				D8BEA4D8197EBF510040B793 /* Release */,
			);
			defaultConfigurationIsVisible = 0;
			defaultConfigurationName = Release;
		};
		D8BEA4D9197EBF510040B793 /* Build configuration list for PBXNativeTarget "prototype" */ = {
			isa = XCConfigurationList;
			buildConfigurations = (
				D8BEA4DA197EBF510040B793 /* Debug */,
				D8BEA4DB197EBF510040B793 /* Release */,
			);
			defaultConfigurationIsVisible = 0;
			defaultConfigurationName = Release;
		};
		D8BEA4DC197EBF510040B793 /* Build configuration list for PBXNativeTarget "prototypeTests" */ = {
			isa = XCConfigurationList;
			buildConfigurations = (
				D8BEA4DD197EBF510040B793 /* Debug */,
				D8BEA4DE197EBF510040B793 /* Release */,
			);
			defaultConfigurationIsVisible = 0;
			defaultConfigurationName = Release;
		};
/* End XCConfigurationList section */
	};
	rootObject = D8BEA4A5197EBF510040B793 /* Project object */;
}
